
Microsoft Visual Studio Solution File, Format Version 12.00
# Visual Studio 15
VisualStudioVersion = 15.0.28307.902
MinimumVisualStudioVersion = 10.0.40219.1
Project("{FAE04EC0-301F-11D3-BF4B-00C04F79EFBC}") = "SignalR", "SignalR\SignalR.csproj", "{866E59EF-483B-4C41-8DE1-22408D6773D0}"
EndProject
Global
	GlobalSection(SolutionConfigurationPlatforms) = preSolution
		Debug|Any CPU = Debug|Any CPU
		Release|Any CPU = Release|Any CPU
	EndGlobalSection
	GlobalSection(ProjectConfigurationPlatforms) = postSolution
		{866E59EF-483B-4C41-8DE1-22408D6773D0}.Debug|Any CPU.ActiveCfg = Debug|Any CPU
		{866E59EF-483B-4C41-8DE1-22408D6773D0}.Debug|Any CPU.Build.0 = Debug|Any CPU
		{866E59EF-483B-4C41-8DE1-22408D6773D0}.Release|Any CPU.ActiveCfg = Release|Any CPU
		{866E59EF-483B-4C41-8DE1-22408D6773D0}.Release|Any CPU.Build.0 = Release|Any CPU
	EndGlobalSection
	GlobalSection(SolutionProperties) = preSolution
		HideSolutionNode = FALSE
	EndGlobalSection
	GlobalSection(ExtensibilityGlobals) = postSolution
		SolutionGuid = {C767B520-8FD5-4014-935C-B572FF74C895}
	EndGlobalSection
EndGlobal
